
Microsoft Visual Studio Solution File, Format Version 12.00
Project("{FAE04EC0-301F-11D3-BF4B-00C04F79EFBC}") = "PFM5", "PFM5.csproj", "{D28218A1-5EC5-4231-86BA-A999020C01D9}"
EndProject
Global
	GlobalSection(SolutionConfigurationPlatforms) = preSolution
		Debug|Any CPU = Debug|Any CPU
		Release|Any CPU = Release|Any CPU
	EndGlobalSection
	GlobalSection(ProjectConfigurationPlatforms) = postSolution
		{D28218A1-5EC5-4231-86BA-A999020C01D9}.Debug|Any CPU.ActiveCfg = Debug|Any CPU
		{D28218A1-5EC5-4231-86BA-A999020C01D9}.Debug|Any CPU.Build.0 = Debug|Any CPU
		{D28218A1-5EC5-4231-86BA-A999020C01D9}.Release|Any CPU.ActiveCfg = Release|Any CPU
		{D28218A1-5EC5-4231-86BA-A999020C01D9}.Release|Any CPU.Build.0 = Release|Any CPU
	EndGlobalSection
EndGlobal
